
Microsoft Visual Studio Solution File, Format Version 12.00
# Visual Studio Version 17
VisualStudioVersion = 17.5.33516.290
MinimumVisualStudioVersion = 10.0.40219.1
Project("{FAE04EC0-301F-11D3-BF4B-00C04F79EFBC}") = "GerenciadorEstoque", "GerenciadorEstoque\GerenciadorEstoque.csproj", "{B0BE08B5-2207-4CE2-905F-6493904F21FA}"
EndProject
Global
	GlobalSection(SolutionConfigurationPlatforms) = preSolution
		Debug|Any CPU = Debug|Any CPU
		Release|Any CPU = Release|Any CPU
	EndGlobalSection
	GlobalSection(ProjectConfigurationPlatforms) = postSolution
		{B0BE08B5-2207-4CE2-905F-6493904F21FA}.Debug|Any CPU.ActiveCfg = Debug|Any CPU
		{B0BE08B5-2207-4CE2-905F-6493904F21FA}.Debug|Any CPU.Build.0 = Debug|Any CPU
		{B0BE08B5-2207-4CE2-905F-6493904F21FA}.Release|Any CPU.ActiveCfg = Release|Any CPU
		{B0BE08B5-2207-4CE2-905F-6493904F21FA}.Release|Any CPU.Build.0 = Release|Any CPU
	EndGlobalSection
	GlobalSection(SolutionProperties) = preSolution
		HideSolutionNode = FALSE
	EndGlobalSection
	GlobalSection(ExtensibilityGlobals) = postSolution
		SolutionGuid = {86535D97-DD63-4DBF-96BD-77E3BDD4F71D}
	EndGlobalSection
EndGlobal
